
Microsoft Visual Studio Solution File, Format Version 12.00
# Visual Studio Version 17
VisualStudioVersion = 17.8.34330.188
MinimumVisualStudioVersion = 10.0.40219.1
Project("{FAE04EC0-301F-11D3-BF4B-00C04F79EFBC}") = "MyContacts", "MyContacts.csproj", "{E8E4C7E2-6607-465D-B734-F2EBC7225B23}"
EndProject
Project("{FAE04EC0-301F-11D3-BF4B-00C04F79EFBC}") = "DataLayer", "..\DataLayer\DataLayer.csproj", "{44AA22FF-9024-4927-A7C2-AA34F58C6C98}"
EndProject
Project("{FAE04EC0-301F-11D3-BF4B-00C04F79EFBC}") = "MyContacts.Core", "..\MyContacts.Core\MyContacts.Core.csproj", "{B7D7BB2A-1E24-4824-8780-13B1691A03DC}"
EndProject
Global
	GlobalSection(SolutionConfigurationPlatforms) = preSolution
		Debug|Any CPU = Debug|Any CPU
		Release|Any CPU = Release|Any CPU
	EndGlobalSection
	GlobalSection(ProjectConfigurationPlatforms) = postSolution
		{E8E4C7E2-6607-465D-B734-F2EBC7225B23}.Debug|Any CPU.ActiveCfg = Debug|Any CPU
		{E8E4C7E2-6607-465D-B734-F2EBC7225B23}.Debug|Any CPU.Build.0 = Debug|Any CPU
		{E8E4C7E2-6607-465D-B734-F2EBC7225B23}.Release|Any CPU.ActiveCfg = Release|Any CPU
		{E8E4C7E2-6607-465D-B734-F2EBC7225B23}.Release|Any CPU.Build.0 = Release|Any CPU
		{44AA22FF-9024-4927-A7C2-AA34F58C6C98}.Debug|Any CPU.ActiveCfg = Debug|Any CPU
		{44AA22FF-9024-4927-A7C2-AA34F58C6C98}.Debug|Any CPU.Build.0 = Debug|Any CPU
		{44AA22FF-9024-4927-A7C2-AA34F58C6C98}.Release|Any CPU.ActiveCfg = Release|Any CPU
		{44AA22FF-9024-4927-A7C2-AA34F58C6C98}.Release|Any CPU.Build.0 = Release|Any CPU
		{B7D7BB2A-1E24-4824-8780-13B1691A03DC}.Debug|Any CPU.ActiveCfg = Debug|Any CPU
		{B7D7BB2A-1E24-4824-8780-13B1691A03DC}.Debug|Any CPU.Build.0 = Debug|Any CPU
		{B7D7BB2A-1E24-4824-8780-13B1691A03DC}.Release|Any CPU.ActiveCfg = Release|Any CPU
		{B7D7BB2A-1E24-4824-8780-13B1691A03DC}.Release|Any CPU.Build.0 = Release|Any CPU
	EndGlobalSection
	GlobalSection(SolutionProperties) = preSolution
		HideSolutionNode = FALSE
	EndGlobalSection
	GlobalSection(ExtensibilityGlobals) = postSolution
		SolutionGuid = {839A70C1-8A78-4E77-AFC5-F191874B0DBF}
	EndGlobalSection
EndGlobal
